
Microsoft Visual Studio Solution File, Format Version 12.00
# Visual Studio 15
VisualStudioVersion = 15.0.26124.0
MinimumVisualStudioVersion = 15.0.26124.0
Project("{2150E333-8FDC-42A3-9474-1A3956D46DE8}") = "src", "src", "{64D69D5D-1375-4DD8-AEB6-440DB1F93D1C}"
EndProject
Project("{FAE04EC0-301F-11D3-BF4B-00C04F79EFBC}") = "CommandAPI", "src\CommandAPI\CommandAPI.csproj", "{C6FDF25F-DB8B-42F9-B0BF-608B79EAA718}"
EndProject
Project("{2150E333-8FDC-42A3-9474-1A3956D46DE8}") = "test", "test", "{AF1E2872-1F5B-4FB6-AC67-15A27B0947A7}"
EndProject
Project("{FAE04EC0-301F-11D3-BF4B-00C04F79EFBC}") = "CommandAPI.Tests", "test\CommandAPI.Tests\CommandAPI.Tests.csproj", "{FF62FC40-2842-4E77-A9C2-64F156741625}"
EndProject
Global
	GlobalSection(SolutionConfigurationPlatforms) = preSolution
		Debug|Any CPU = Debug|Any CPU
		Debug|x64 = Debug|x64
		Debug|x86 = Debug|x86
		Release|Any CPU = Release|Any CPU
		Release|x64 = Release|x64
		Release|x86 = Release|x86
	EndGlobalSection
	GlobalSection(SolutionProperties) = preSolution
		HideSolutionNode = FALSE
	EndGlobalSection
	GlobalSection(ProjectConfigurationPlatforms) = postSolution
		{C6FDF25F-DB8B-42F9-B0BF-608B79EAA718}.Debug|Any CPU.ActiveCfg = Debug|Any CPU
		{C6FDF25F-DB8B-42F9-B0BF-608B79EAA718}.Debug|Any CPU.Build.0 = Debug|Any CPU
		{C6FDF25F-DB8B-42F9-B0BF-608B79EAA718}.Debug|x64.ActiveCfg = Debug|Any CPU
		{C6FDF25F-DB8B-42F9-B0BF-608B79EAA718}.Debug|x64.Build.0 = Debug|Any CPU
		{C6FDF25F-DB8B-42F9-B0BF-608B79EAA718}.Debug|x86.ActiveCfg = Debug|Any CPU
		{C6FDF25F-DB8B-42F9-B0BF-608B79EAA718}.Debug|x86.Build.0 = Debug|Any CPU
		{C6FDF25F-DB8B-42F9-B0BF-608B79EAA718}.Release|Any CPU.ActiveCfg = Release|Any CPU
		{C6FDF25F-DB8B-42F9-B0BF-608B79EAA718}.Release|Any CPU.Build.0 = Release|Any CPU
		{C6FDF25F-DB8B-42F9-B0BF-608B79EAA718}.Release|x64.ActiveCfg = Release|Any CPU
		{C6FDF25F-DB8B-42F9-B0BF-608B79EAA718}.Release|x64.Build.0 = Release|Any CPU
		{C6FDF25F-DB8B-42F9-B0BF-608B79EAA718}.Release|x86.ActiveCfg = Release|Any CPU
		{C6FDF25F-DB8B-42F9-B0BF-608B79EAA718}.Release|x86.Build.0 = Release|Any CPU
		{FF62FC40-2842-4E77-A9C2-64F156741625}.Debug|Any CPU.ActiveCfg = Debug|Any CPU
		{FF62FC40-2842-4E77-A9C2-64F156741625}.Debug|Any CPU.Build.0 = Debug|Any CPU
		{FF62FC40-2842-4E77-A9C2-64F156741625}.Debug|x64.ActiveCfg = Debug|Any CPU
		{FF62FC40-2842-4E77-A9C2-64F156741625}.Debug|x64.Build.0 = Debug|Any CPU
		{FF62FC40-2842-4E77-A9C2-64F156741625}.Debug|x86.ActiveCfg = Debug|Any CPU
		{FF62FC40-2842-4E77-A9C2-64F156741625}.Debug|x86.Build.0 = Debug|Any CPU
		{FF62FC40-2842-4E77-A9C2-64F156741625}.Release|Any CPU.ActiveCfg = Release|Any CPU
		{FF62FC40-2842-4E77-A9C2-64F156741625}.Release|Any CPU.Build.0 = Release|Any CPU
		{FF62FC40-2842-4E77-A9C2-64F156741625}.Release|x64.ActiveCfg = Release|Any CPU
		{FF62FC40-2842-4E77-A9C2-64F156741625}.Release|x64.Build.0 = Release|Any CPU
		{FF62FC40-2842-4E77-A9C2-64F156741625}.Release|x86.ActiveCfg = Release|Any CPU
		{FF62FC40-2842-4E77-A9C2-64F156741625}.Release|x86.Build.0 = Release|Any CPU
	EndGlobalSection
	GlobalSection(NestedProjects) = preSolution
		{C6FDF25F-DB8B-42F9-B0BF-608B79EAA718} = {64D69D5D-1375-4DD8-AEB6-440DB1F93D1C}
		{FF62FC40-2842-4E77-A9C2-64F156741625} = {AF1E2872-1F5B-4FB6-AC67-15A27B0947A7}
	EndGlobalSection
EndGlobal
